{
  "object": {
    "pins": [
      {
        "package": "FZSwiftUtils",
        "repositoryURL": "https://github.com/flocked/FZSwiftUtils.git",
        "state": {
          "branch": "main",
          "revision": "1b6dac779a75e237883e3768d04b013eb30888b3",
          "version": null
        }
      },
      {
        "package": "FZUIKit",
        "repositoryURL": "https://github.com/flocked/FZUIKit.git",
        "state": {
          "branch": "main",
          "revision": "f2dcdd5b4847c4ab0a1f9d3ba6c0e498c354ad71",
          "version": null
        }
      },
      {
        "package": "Realm",
        "repositoryURL": "https://github.com/realm/realm-cocoa",
        "state": {
          "branch": null,
          "revision": "08ee98e7f52a5fb11b10b7430e6f84adbb7433a4",
          "version": "10.39.1"
        }
      },
      {
        "package": "RealmDatabase",
        "repositoryURL": "https://github.com/realm/realm-core",
        "state": {
          "branch": null,
          "revision": "72226e2fd84f3a3a8ab3cffc2890c7951f1351d5",
          "version": "13.10.1"
        }
      }
    ]
  },
  "version": 1
}
