{
  "object": {
    "pins": [
      {
        "package": "FZExtensions",
        "repositoryURL": "https://github.com/flocked/FZExtensions.git",
        "state": {
          "branch": "main",
          "revision": "c59b166d70000eac142148b7499b5da9f96eeb8d",
          "version": null
        }
      },
      {
        "package": "Realm",
        "repositoryURL": "https://github.com/realm/realm-cocoa",
        "state": {
          "branch": null,
          "revision": "08ee98e7f52a5fb11b10b7430e6f84adbb7433a4",
          "version": "10.39.1"
        }
      },
      {
        "package": "RealmDatabase",
        "repositoryURL": "https://github.com/realm/realm-core",
        "state": {
          "branch": null,
          "revision": "72226e2fd84f3a3a8ab3cffc2890c7951f1351d5",
          "version": "13.10.1"
        }
      }
    ]
  },
  "version": 1
}
