{
  "object": {
    "pins": [
      {
        "package": "FZSwiftUtils",
        "repositoryURL": "https://github.com/flocked/FZSwiftUtils.git",
        "state": {
          "branch": "main",
          "revision": "840b4b456d8c92ac1dfe7afae2323ac7601f1e85",
          "version": null
        }
      },
      {
        "package": "FZUIKit",
        "repositoryURL": "https://github.com/flocked/FZUIKit.git",
        "state": {
          "branch": "main",
          "revision": "014252bde7b03de38ae2ee4499f4b7167d66f835",
          "version": null
        }
      },
      {
        "package": "RealmDatabase",
        "repositoryURL": "https://github.com/realm/realm-core",
        "state": {
          "branch": null,
          "revision": "c569bec4d04da84030d94f376437bc4efda3686b",
          "version": "13.23.1"
        }
      },
      {
        "package": "Realm",
        "repositoryURL": "https://github.com/realm/realm-swift.git",
        "state": {
          "branch": "master",
          "revision": "95cb711d60801e82542b866d16d75608c40d7b2e",
          "version": null
        }
      }
    ]
  },
  "version": 1
}
